
Microsoft Visual Studio Solution File, Format Version 12.00
# Visual Studio Version 16
VisualStudioVersion = 16.0.30413.136
MinimumVisualStudioVersion = 10.0.40219.1
Project("{9A19103F-16F7-4668-BE54-9A1E7A4F7556}") = "solution", "solution\solution.csproj", "{29B4429B-7BFC-4DCF-BAC4-939CC8A63B12}"
EndProject
Project("{FAE04EC0-301F-11D3-BF4B-00C04F79EFBC}") = "solution.Test", "solution.Test\solution.Test.csproj", "{AD0EB8D3-107F-44B9-853B-FD073B714C3C}"
EndProject
Global
	GlobalSection(SolutionConfigurationPlatforms) = preSolution
		Debug|Any CPU = Debug|Any CPU
		Release|Any CPU = Release|Any CPU
	EndGlobalSection
	GlobalSection(ProjectConfigurationPlatforms) = postSolution
		{29B4429B-7BFC-4DCF-BAC4-939CC8A63B12}.Debug|Any CPU.ActiveCfg = Debug|Any CPU
		{29B4429B-7BFC-4DCF-BAC4-939CC8A63B12}.Debug|Any CPU.Build.0 = Debug|Any CPU
		{29B4429B-7BFC-4DCF-BAC4-939CC8A63B12}.Release|Any CPU.ActiveCfg = Release|Any CPU
		{29B4429B-7BFC-4DCF-BAC4-939CC8A63B12}.Release|Any CPU.Build.0 = Release|Any CPU
		{AD0EB8D3-107F-44B9-853B-FD073B714C3C}.Debug|Any CPU.ActiveCfg = Debug|Any CPU
		{AD0EB8D3-107F-44B9-853B-FD073B714C3C}.Debug|Any CPU.Build.0 = Debug|Any CPU
		{AD0EB8D3-107F-44B9-853B-FD073B714C3C}.Release|Any CPU.ActiveCfg = Release|Any CPU
		{AD0EB8D3-107F-44B9-853B-FD073B714C3C}.Release|Any CPU.Build.0 = Release|Any CPU
	EndGlobalSection
	GlobalSection(SolutionProperties) = preSolution
		HideSolutionNode = FALSE
	EndGlobalSection
	GlobalSection(ExtensibilityGlobals) = postSolution
		SolutionGuid = {E4AFCEC8-1949-4EE0-AFD4-BFB25426EC41}
	EndGlobalSection
EndGlobal
